
Microsoft Visual Studio Solution File, Format Version 12.00
# Visual Studio Version 16
VisualStudioVersion = 16.0.28922.388
MinimumVisualStudioVersion = 10.0.40219.1
Project("{9A19103F-16F7-4668-BE54-9A1E7A4F7556}") = "PuzzelLibrary", "PuzzelLibrary\PuzzelLibrary.csproj", "{D20FC7E2-4E9F-412B-9AF1-AF08899D3CD4}"
EndProject
Project("{9A19103F-16F7-4668-BE54-9A1E7A4F7556}") = "Forms", "Forms\Forms.csproj", "{06CF8AC4-2FBF-4B8C-B405-FB8CE6B730C7}"
	ProjectSection(ProjectDependencies) = postProject
		{513EA81B-F8DA-408B-B385-D48057F6A326} = {513EA81B-F8DA-408B-B385-D48057F6A326}
	EndProjectSection
EndProject
Project("{9A19103F-16F7-4668-BE54-9A1E7A4F7556}") = "Settings", "Settings\Settings.csproj", "{19396620-63C6-4768-807D-CAC92412EFF3}"
EndProject
Project("{9A19103F-16F7-4668-BE54-9A1E7A4F7556}") = "Updater", "Updater\Updater.csproj", "{513EA81B-F8DA-408B-B385-D48057F6A326}"
EndProject
Project("{9A19103F-16F7-4668-BE54-9A1E7A4F7556}") = "PuzzelTest", "PuzzelTest\PuzzelTest.csproj", "{DD8F5B2C-3A65-4AF9-812C-E476D0221F01}"
EndProject
Global
	GlobalSection(SolutionConfigurationPlatforms) = preSolution
		Debug|Any CPU = Debug|Any CPU
		Release|Any CPU = Release|Any CPU
	EndGlobalSection
	GlobalSection(ProjectConfigurationPlatforms) = postSolution
		{D20FC7E2-4E9F-412B-9AF1-AF08899D3CD4}.Debug|Any CPU.ActiveCfg = Debug|Any CPU
		{D20FC7E2-4E9F-412B-9AF1-AF08899D3CD4}.Debug|Any CPU.Build.0 = Debug|Any CPU
		{D20FC7E2-4E9F-412B-9AF1-AF08899D3CD4}.Release|Any CPU.ActiveCfg = Release|Any CPU
		{D20FC7E2-4E9F-412B-9AF1-AF08899D3CD4}.Release|Any CPU.Build.0 = Release|Any CPU
		{06CF8AC4-2FBF-4B8C-B405-FB8CE6B730C7}.Debug|Any CPU.ActiveCfg = Debug|Any CPU
		{06CF8AC4-2FBF-4B8C-B405-FB8CE6B730C7}.Debug|Any CPU.Build.0 = Debug|Any CPU
		{06CF8AC4-2FBF-4B8C-B405-FB8CE6B730C7}.Release|Any CPU.ActiveCfg = Release|Any CPU
		{06CF8AC4-2FBF-4B8C-B405-FB8CE6B730C7}.Release|Any CPU.Build.0 = Release|Any CPU
		{19396620-63C6-4768-807D-CAC92412EFF3}.Debug|Any CPU.ActiveCfg = Debug|Any CPU
		{19396620-63C6-4768-807D-CAC92412EFF3}.Debug|Any CPU.Build.0 = Debug|Any CPU
		{19396620-63C6-4768-807D-CAC92412EFF3}.Release|Any CPU.ActiveCfg = Release|Any CPU
		{19396620-63C6-4768-807D-CAC92412EFF3}.Release|Any CPU.Build.0 = Release|Any CPU
		{513EA81B-F8DA-408B-B385-D48057F6A326}.Debug|Any CPU.ActiveCfg = Debug|Any CPU
		{513EA81B-F8DA-408B-B385-D48057F6A326}.Debug|Any CPU.Build.0 = Debug|Any CPU
		{513EA81B-F8DA-408B-B385-D48057F6A326}.Release|Any CPU.ActiveCfg = Release|Any CPU
		{513EA81B-F8DA-408B-B385-D48057F6A326}.Release|Any CPU.Build.0 = Release|Any CPU
		{DD8F5B2C-3A65-4AF9-812C-E476D0221F01}.Debug|Any CPU.ActiveCfg = Debug|Any CPU
		{DD8F5B2C-3A65-4AF9-812C-E476D0221F01}.Debug|Any CPU.Build.0 = Debug|Any CPU
		{DD8F5B2C-3A65-4AF9-812C-E476D0221F01}.Release|Any CPU.ActiveCfg = Release|Any CPU
		{DD8F5B2C-3A65-4AF9-812C-E476D0221F01}.Release|Any CPU.Build.0 = Release|Any CPU
	EndGlobalSection
	GlobalSection(SolutionProperties) = preSolution
		HideSolutionNode = FALSE
	EndGlobalSection
	GlobalSection(ExtensibilityGlobals) = postSolution
		SolutionGuid = {9F78599E-788C-4D51-B6C7-2D4F8628F428}
	EndGlobalSection
EndGlobal
